
Microsoft Visual Studio Solution File, Format Version 12.00
# Visual Studio 2012
Project("{FAE04EC0-301F-11D3-BF4B-00C04F79EFBC}") = "Clouds.Common", "Clouds.Common\Clouds.Common.csproj", "{EF3C4042-2592-4105-80B8-D635A4D40DE3}"
EndProject
Project("{FAE04EC0-301F-11D3-BF4B-00C04F79EFBC}") = "Clouds.Storage.AWS", "Clouds.Storage.AWS\Clouds.Storage.AWS.csproj", "{711DAF05-A47F-42B7-84C5-D7AC1B36CAA0}"
EndProject
Project("{FAE04EC0-301F-11D3-BF4B-00C04F79EFBC}") = "Clouds.Storage.Core", "Clouds.Storage.Core\Clouds.Storage.Core.csproj", "{1243D2A6-F159-42B4-A5CC-6633223320FE}"
EndProject
Project("{FAE04EC0-301F-11D3-BF4B-00C04F79EFBC}") = "Clouds.Storage.Azure", "Clouds.Storage.Azure\Clouds.Storage.Azure.csproj", "{7428FBD7-5E5C-4464-B8A6-9702B243FB34}"
EndProject
Project("{FAE04EC0-301F-11D3-BF4B-00C04F79EFBC}") = "Clouds.Storage.Local", "Clouds.Storage.Local\Clouds.Storage.Local.csproj", "{3B8CD942-E285-4F7C-8D67-5677871BCFA2}"
EndProject
Project("{FAE04EC0-301F-11D3-BF4B-00C04F79EFBC}") = "Clouds.Storage.AWS.Tests", "Clouds.Storage.AWS.Tests\Clouds.Storage.AWS.Tests.csproj", "{F83C7900-766D-4392-A5F2-571BB56AFDC7}"
EndProject
Project("{FAE04EC0-301F-11D3-BF4B-00C04F79EFBC}") = "Clouds.Storage.Core.Tests", "Clouds.Storage.Core.Tests\Clouds.Storage.Core.Tests.csproj", "{3916714F-51B8-476A-A4F0-6E52254F4E8A}"
EndProject
Project("{FAE04EC0-301F-11D3-BF4B-00C04F79EFBC}") = "Clouds.Common.Storage", "Clouds.Common.Storage\Clouds.Common.Storage.csproj", "{DFC6AD53-541C-4321-BA28-F4FB43EB1688}"
EndProject
Global
	GlobalSection(SolutionConfigurationPlatforms) = preSolution
		Debug|Any CPU = Debug|Any CPU
		Release|Any CPU = Release|Any CPU
	EndGlobalSection
	GlobalSection(ProjectConfigurationPlatforms) = postSolution
		{EF3C4042-2592-4105-80B8-D635A4D40DE3}.Debug|Any CPU.ActiveCfg = Debug|Any CPU
		{EF3C4042-2592-4105-80B8-D635A4D40DE3}.Debug|Any CPU.Build.0 = Debug|Any CPU
		{EF3C4042-2592-4105-80B8-D635A4D40DE3}.Release|Any CPU.ActiveCfg = Release|Any CPU
		{EF3C4042-2592-4105-80B8-D635A4D40DE3}.Release|Any CPU.Build.0 = Release|Any CPU
		{711DAF05-A47F-42B7-84C5-D7AC1B36CAA0}.Debug|Any CPU.ActiveCfg = Debug|Any CPU
		{711DAF05-A47F-42B7-84C5-D7AC1B36CAA0}.Debug|Any CPU.Build.0 = Debug|Any CPU
		{711DAF05-A47F-42B7-84C5-D7AC1B36CAA0}.Release|Any CPU.ActiveCfg = Release|Any CPU
		{711DAF05-A47F-42B7-84C5-D7AC1B36CAA0}.Release|Any CPU.Build.0 = Release|Any CPU
		{1243D2A6-F159-42B4-A5CC-6633223320FE}.Debug|Any CPU.ActiveCfg = Debug|Any CPU
		{1243D2A6-F159-42B4-A5CC-6633223320FE}.Debug|Any CPU.Build.0 = Debug|Any CPU
		{1243D2A6-F159-42B4-A5CC-6633223320FE}.Release|Any CPU.ActiveCfg = Release|Any CPU
		{1243D2A6-F159-42B4-A5CC-6633223320FE}.Release|Any CPU.Build.0 = Release|Any CPU
		{7428FBD7-5E5C-4464-B8A6-9702B243FB34}.Debug|Any CPU.ActiveCfg = Debug|Any CPU
		{7428FBD7-5E5C-4464-B8A6-9702B243FB34}.Debug|Any CPU.Build.0 = Debug|Any CPU
		{7428FBD7-5E5C-4464-B8A6-9702B243FB34}.Release|Any CPU.ActiveCfg = Release|Any CPU
		{7428FBD7-5E5C-4464-B8A6-9702B243FB34}.Release|Any CPU.Build.0 = Release|Any CPU
		{3B8CD942-E285-4F7C-8D67-5677871BCFA2}.Debug|Any CPU.ActiveCfg = Debug|Any CPU
		{3B8CD942-E285-4F7C-8D67-5677871BCFA2}.Debug|Any CPU.Build.0 = Debug|Any CPU
		{3B8CD942-E285-4F7C-8D67-5677871BCFA2}.Release|Any CPU.ActiveCfg = Release|Any CPU
		{3B8CD942-E285-4F7C-8D67-5677871BCFA2}.Release|Any CPU.Build.0 = Release|Any CPU
		{3916714F-51B8-476A-A4F0-6E52254F4E8A}.Debug|Any CPU.ActiveCfg = Debug|Any CPU
		{3916714F-51B8-476A-A4F0-6E52254F4E8A}.Debug|Any CPU.Build.0 = Debug|Any CPU
		{3916714F-51B8-476A-A4F0-6E52254F4E8A}.Release|Any CPU.ActiveCfg = Release|Any CPU
		{3916714F-51B8-476A-A4F0-6E52254F4E8A}.Release|Any CPU.Build.0 = Release|Any CPU
		{DFC6AD53-541C-4321-BA28-F4FB43EB1688}.Debug|Any CPU.ActiveCfg = Debug|Any CPU
		{DFC6AD53-541C-4321-BA28-F4FB43EB1688}.Debug|Any CPU.Build.0 = Debug|Any CPU
		{DFC6AD53-541C-4321-BA28-F4FB43EB1688}.Release|Any CPU.ActiveCfg = Release|Any CPU
		{DFC6AD53-541C-4321-BA28-F4FB43EB1688}.Release|Any CPU.Build.0 = Release|Any CPU
		{F83C7900-766D-4392-A5F2-571BB56AFDC7}.Debug|Any CPU.ActiveCfg = Debug|Any CPU
		{F83C7900-766D-4392-A5F2-571BB56AFDC7}.Debug|Any CPU.Build.0 = Debug|Any CPU
		{F83C7900-766D-4392-A5F2-571BB56AFDC7}.Release|Any CPU.ActiveCfg = Release|Any CPU
		{F83C7900-766D-4392-A5F2-571BB56AFDC7}.Release|Any CPU.Build.0 = Release|Any CPU
	EndGlobalSection
	GlobalSection(SolutionProperties) = preSolution
		HideSolutionNode = FALSE
	EndGlobalSection
EndGlobal
